// !$*UTF8*$!
{
	archiveVersion = 1;
	classes = {
	};
	objectVersion = 46;
	objects = {

/* Begin PBXBuildFile section */
		827C64C81DFEB5A400038A97 /* AppDelegate.swift in Sources */ = {isa = PBXBuildFile; fileRef = 827C64C71DFEB5A400038A97 /* AppDelegate.swift */; };
		827C64CD1DFEB5A400038A97 /* Main.storyboard in Resources */ = {isa = PBXBuildFile; fileRef = 827C64CB1DFEB5A400038A97 /* Main.storyboard */; };
		827C64CF1DFEB5A400038A97 /* Assets.xcassets in Resources */ = {isa = PBXBuildFile; fileRef = 827C64CE1DFEB5A400038A97 /* Assets.xcassets */; };
		827C64D21DFEB5A400038A97 /* LaunchScreen.storyboard in Resources */ = {isa = PBXBuildFile; fileRef = 827C64D01DFEB5A400038A97 /* LaunchScreen.storyboard */; };
		827C64DD1DFEB5A400038A97 /* OntheMapTests.swift in Sources */ = {isa = PBXBuildFile; fileRef = 827C64DC1DFEB5A400038A97 /* OntheMapTests.swift */; };
		827C64E81DFEB5A400038A97 /* OntheMapUITests.swift in Sources */ = {isa = PBXBuildFile; fileRef = 827C64E71DFEB5A400038A97 /* OntheMapUITests.swift */; };
		82B211171E05912A00C9189E /* StudentLocation.swift in Sources */ = {isa = PBXBuildFile; fileRef = 82B211161E05912A00C9189E /* StudentLocation.swift */; };
		82B211191E0595DA00C9189E /* StudentLocationClient.swift in Sources */ = {isa = PBXBuildFile; fileRef = 82B211181E0595DA00C9189E /* StudentLocationClient.swift */; };
		82B2111B1E0596E600C9189E /* StudentLocationConstants.swift in Sources */ = {isa = PBXBuildFile; fileRef = 82B2111A1E0596E600C9189E /* StudentLocationConstants.swift */; };
		82B2111D1E05EC2E00C9189E /* StudentLocationConvenience.swift in Sources */ = {isa = PBXBuildFile; fileRef = 82B2111C1E05EC2E00C9189E /* StudentLocationConvenience.swift */; };
		82B211221E089B0400C9189E /* InformationPostingViewController.swift in Sources */ = {isa = PBXBuildFile; fileRef = 82B211211E089B0400C9189E /* InformationPostingViewController.swift */; };
		82D6E8331E016A4400724CB3 /* UdacityConstants.swift in Sources */ = {isa = PBXBuildFile; fileRef = 82D6E8321E016A4400724CB3 /* UdacityConstants.swift */; };
		82D6E8371E01F01300724CB3 /* UdacityClient.swift in Sources */ = {isa = PBXBuildFile; fileRef = 82D6E8361E01F01300724CB3 /* UdacityClient.swift */; };
		82D6E83A1E01F71400724CB3 /* BorderedButton.swift in Sources */ = {isa = PBXBuildFile; fileRef = 82D6E8391E01F71400724CB3 /* BorderedButton.swift */; };
		82D6E83C1E046DA700724CB3 /* GCDBlackBox.swift in Sources */ = {isa = PBXBuildFile; fileRef = 82D6E83B1E046DA700724CB3 /* GCDBlackBox.swift */; };
		82D6E83E1E049E2A00724CB3 /* StudentMapViewController.swift in Sources */ = {isa = PBXBuildFile; fileRef = 82D6E83D1E049E2A00724CB3 /* StudentMapViewController.swift */; };
		82D6E8401E049E4700724CB3 /* StudentListTableViewController.swift in Sources */ = {isa = PBXBuildFile; fileRef = 82D6E83F1E049E4700724CB3 /* StudentListTableViewController.swift */; };
		82D6E8431E04A0C100724CB3 /* MapKit.framework in Frameworks */ = {isa = PBXBuildFile; fileRef = 82D6E8421E04A0C100724CB3 /* MapKit.framework */; };
		82F3024F1DFEF6D500CEC55F /* LoginViewController.swift in Sources */ = {isa = PBXBuildFile; fileRef = 82F3024E1DFEF6D500CEC55F /* LoginViewController.swift */; };
/* End PBXBuildFile section */

/* Begin PBXContainerItemProxy section */
		827C64D91DFEB5A400038A97 /* PBXContainerItemProxy */ = {
			isa = PBXContainerItemProxy;
			containerPortal = 827C64BC1DFEB5A400038A97 /* Project object */;
			proxyType = 1;
			remoteGlobalIDString = 827C64C31DFEB5A400038A97;
			remoteInfo = OntheMap;
		};
		827C64E41DFEB5A400038A97 /* PBXContainerItemProxy */ = {
			isa = PBXContainerItemProxy;
			containerPortal = 827C64BC1DFEB5A400038A97 /* Project object */;
			proxyType = 1;
			remoteGlobalIDString = 827C64C31DFEB5A400038A97;
			remoteInfo = OntheMap;
		};
/* End PBXContainerItemProxy section */

/* Begin PBXFileReference section */
		827C64C41DFEB5A400038A97 /* OntheMap.app */ = {isa = PBXFileReference; explicitFileType = wrapper.application; includeInIndex = 0; path = OntheMap.app; sourceTree = BUILT_PRODUCTS_DIR; };
		827C64C71DFEB5A400038A97 /* AppDelegate.swift */ = {isa = PBXFileReference; lastKnownFileType = sourcecode.swift; path = AppDelegate.swift; sourceTree = "<group>"; };
		827C64CC1DFEB5A400038A97 /* Base */ = {isa = PBXFileReference; lastKnownFileType = file.storyboard; name = Base; path = Base.lproj/Main.storyboard; sourceTree = "<group>"; };
		827C64CE1DFEB5A400038A97 /* Assets.xcassets */ = {isa = PBXFileReference; lastKnownFileType = folder.assetcatalog; path = Assets.xcassets; sourceTree = "<group>"; };
		827C64D11DFEB5A400038A97 /* Base */ = {isa = PBXFileReference; lastKnownFileType = file.storyboard; name = Base; path = Base.lproj/LaunchScreen.storyboard; sourceTree = "<group>"; };
		827C64D31DFEB5A400038A97 /* Info.plist */ = {isa = PBXFileReference; lastKnownFileType = text.plist.xml; path = Info.plist; sourceTree = "<group>"; };
		827C64D81DFEB5A400038A97 /* OntheMapTests.xctest */ = {isa = PBXFileReference; explicitFileType = wrapper.cfbundle; includeInIndex = 0; path = OntheMapTests.xctest; sourceTree = BUILT_PRODUCTS_DIR; };
		827C64DC1DFEB5A400038A97 /* OntheMapTests.swift */ = {isa = PBXFileReference; lastKnownFileType = sourcecode.swift; path = OntheMapTests.swift; sourceTree = "<group>"; };
		827C64DE1DFEB5A400038A97 /* Info.plist */ = {isa = PBXFileReference; lastKnownFileType = text.plist.xml; path = Info.plist; sourceTree = "<group>"; };
		827C64E31DFEB5A400038A97 /* OntheMapUITests.xctest */ = {isa = PBXFileReference; explicitFileType = wrapper.cfbundle; includeInIndex = 0; path = OntheMapUITests.xctest; sourceTree = BUILT_PRODUCTS_DIR; };
		827C64E71DFEB5A400038A97 /* OntheMapUITests.swift */ = {isa = PBXFileReference; lastKnownFileType = sourcecode.swift; path = OntheMapUITests.swift; sourceTree = "<group>"; };
		827C64E91DFEB5A400038A97 /* Info.plist */ = {isa = PBXFileReference; lastKnownFileType = text.plist.xml; path = Info.plist; sourceTree = "<group>"; };
		82B211161E05912A00C9189E /* StudentLocation.swift */ = {isa = PBXFileReference; fileEncoding = 4; lastKnownFileType = sourcecode.swift; path = StudentLocation.swift; sourceTree = "<group>"; };
		82B211181E0595DA00C9189E /* StudentLocationClient.swift */ = {isa = PBXFileReference; fileEncoding = 4; lastKnownFileType = sourcecode.swift; path = StudentLocationClient.swift; sourceTree = "<group>"; };
		82B2111A1E0596E600C9189E /* StudentLocationConstants.swift */ = {isa = PBXFileReference; fileEncoding = 4; lastKnownFileType = sourcecode.swift; path = StudentLocationConstants.swift; sourceTree = "<group>"; };
		82B2111C1E05EC2E00C9189E /* StudentLocationConvenience.swift */ = {isa = PBXFileReference; fileEncoding = 4; lastKnownFileType = sourcecode.swift; path = StudentLocationConvenience.swift; sourceTree = "<group>"; };
		82B211211E089B0400C9189E /* InformationPostingViewController.swift */ = {isa = PBXFileReference; fileEncoding = 4; lastKnownFileType = sourcecode.swift; path = InformationPostingViewController.swift; sourceTree = "<group>"; };
		82D6E8321E016A4400724CB3 /* UdacityConstants.swift */ = {isa = PBXFileReference; fileEncoding = 4; lastKnownFileType = sourcecode.swift; path = UdacityConstants.swift; sourceTree = "<group>"; };
		82D6E8361E01F01300724CB3 /* UdacityClient.swift */ = {isa = PBXFileReference; fileEncoding = 4; lastKnownFileType = sourcecode.swift; path = UdacityClient.swift; sourceTree = "<group>"; };
		82D6E8391E01F71400724CB3 /* BorderedButton.swift */ = {isa = PBXFileReference; fileEncoding = 4; lastKnownFileType = sourcecode.swift; path = BorderedButton.swift; sourceTree = "<group>"; };
		82D6E83B1E046DA700724CB3 /* GCDBlackBox.swift */ = {isa = PBXFileReference; fileEncoding = 4; lastKnownFileType = sourcecode.swift; path = GCDBlackBox.swift; sourceTree = "<group>"; };
		82D6E83D1E049E2A00724CB3 /* StudentMapViewController.swift */ = {isa = PBXFileReference; fileEncoding = 4; lastKnownFileType = sourcecode.swift; path = StudentMapViewController.swift; sourceTree = "<group>"; };
		82D6E83F1E049E4700724CB3 /* StudentListTableViewController.swift */ = {isa = PBXFileReference; fileEncoding = 4; lastKnownFileType = sourcecode.swift; path = StudentListTableViewController.swift; sourceTree = "<group>"; };
		82D6E8421E04A0C100724CB3 /* MapKit.framework */ = {isa = PBXFileReference; lastKnownFileType = wrapper.framework; name = MapKit.framework; path = System/Library/Frameworks/MapKit.framework; sourceTree = SDKROOT; };
		82F3024E1DFEF6D500CEC55F /* LoginViewController.swift */ = {isa = PBXFileReference; fileEncoding = 4; lastKnownFileType = sourcecode.swift; path = LoginViewController.swift; sourceTree = "<group>"; };
/* End PBXFileReference section */

/* Begin PBXFrameworksBuildPhase section */
		827C64C11DFEB5A400038A97 /* Frameworks */ = {
			isa = PBXFrameworksBuildPhase;
			buildActionMask = 2147483647;
			files = (
				82D6E8431E04A0C100724CB3 /* MapKit.framework in Frameworks */,
			);
			runOnlyForDeploymentPostprocessing = 0;
		};
		827C64D51DFEB5A400038A97 /* Frameworks */ = {
			isa = PBXFrameworksBuildPhase;
			buildActionMask = 2147483647;
			files = (
			);
			runOnlyForDeploymentPostprocessing = 0;
		};
		827C64E01DFEB5A400038A97 /* Frameworks */ = {
			isa = PBXFrameworksBuildPhase;
			buildActionMask = 2147483647;
			files = (
			);
			runOnlyForDeploymentPostprocessing = 0;
		};
/* End PBXFrameworksBuildPhase section */

/* Begin PBXGroup section */
		827C64BB1DFEB5A400038A97 = {
			isa = PBXGroup;
			children = (
				827C64C61DFEB5A400038A97 /* OntheMap */,
				827C64DB1DFEB5A400038A97 /* OntheMapTests */,
				827C64E61DFEB5A400038A97 /* OntheMapUITests */,
				827C64C51DFEB5A400038A97 /* Products */,
				82D6E8411E04A0C100724CB3 /* Frameworks */,
			);
			sourceTree = "<group>";
		};
		827C64C51DFEB5A400038A97 /* Products */ = {
			isa = PBXGroup;
			children = (
				827C64C41DFEB5A400038A97 /* OntheMap.app */,
				827C64D81DFEB5A400038A97 /* OntheMapTests.xctest */,
				827C64E31DFEB5A400038A97 /* OntheMapUITests.xctest */,
			);
			name = Products;
			sourceTree = "<group>";
		};
		827C64C61DFEB5A400038A97 /* OntheMap */ = {
			isa = PBXGroup;
			children = (
				82D6E8381E01F6F300724CB3 /* View */,
				82D6E82F1E0169B800724CB3 /* Model */,
				82F3024D1DFEBA1500CEC55F /* Assets */,
				82F3024C1DFEB9F600CEC55F /* View Controllers */,
				827C64C71DFEB5A400038A97 /* AppDelegate.swift */,
				82D6E83B1E046DA700724CB3 /* GCDBlackBox.swift */,
				827C64D31DFEB5A400038A97 /* Info.plist */,
			);
			path = OntheMap;
			sourceTree = "<group>";
		};
		827C64DB1DFEB5A400038A97 /* OntheMapTests */ = {
			isa = PBXGroup;
			children = (
				827C64DC1DFEB5A400038A97 /* OntheMapTests.swift */,
				827C64DE1DFEB5A400038A97 /* Info.plist */,
			);
			path = OntheMapTests;
			sourceTree = "<group>";
		};
		827C64E61DFEB5A400038A97 /* OntheMapUITests */ = {
			isa = PBXGroup;
			children = (
				827C64E71DFEB5A400038A97 /* OntheMapUITests.swift */,
				827C64E91DFEB5A400038A97 /* Info.plist */,
			);
			path = OntheMapUITests;
			sourceTree = "<group>";
		};
		82B211151E0590D200C9189E /* Map */ = {
			isa = PBXGroup;
			children = (
				82B211161E05912A00C9189E /* StudentLocation.swift */,
				82B211181E0595DA00C9189E /* StudentLocationClient.swift */,
				82B2111A1E0596E600C9189E /* StudentLocationConstants.swift */,
				82B2111C1E05EC2E00C9189E /* StudentLocationConvenience.swift */,
			);
			name = Map;
			sourceTree = "<group>";
		};
		82D6E82F1E0169B800724CB3 /* Model */ = {
			isa = PBXGroup;
			children = (
				82D6E8301E0169CA00724CB3 /* Clients */,
			);
			name = Model;
			sourceTree = "<group>";
		};
		82D6E8301E0169CA00724CB3 /* Clients */ = {
			isa = PBXGroup;
			children = (
				82B211151E0590D200C9189E /* Map */,
				82D6E8311E0169D300724CB3 /* Udacity */,
			);
			name = Clients;
			sourceTree = "<group>";
		};
		82D6E8311E0169D300724CB3 /* Udacity */ = {
			isa = PBXGroup;
			children = (
				82D6E8321E016A4400724CB3 /* UdacityConstants.swift */,
				82D6E8361E01F01300724CB3 /* UdacityClient.swift */,
			);
			name = Udacity;
			sourceTree = "<group>";
		};
		82D6E8381E01F6F300724CB3 /* View */ = {
			isa = PBXGroup;
			children = (
				82D6E8391E01F71400724CB3 /* BorderedButton.swift */,
			);
			name = View;
			sourceTree = "<group>";
		};
		82D6E8411E04A0C100724CB3 /* Frameworks */ = {
			isa = PBXGroup;
			children = (
				82D6E8421E04A0C100724CB3 /* MapKit.framework */,
			);
			name = Frameworks;
			sourceTree = "<group>";
		};
		82F3024C1DFEB9F600CEC55F /* View Controllers */ = {
			isa = PBXGroup;
			children = (
				82F3024E1DFEF6D500CEC55F /* LoginViewController.swift */,
				82D6E83D1E049E2A00724CB3 /* StudentMapViewController.swift */,
				82D6E83F1E049E4700724CB3 /* StudentListTableViewController.swift */,
				82B211211E089B0400C9189E /* InformationPostingViewController.swift */,
			);
			name = "View Controllers";
			sourceTree = "<group>";
		};
		82F3024D1DFEBA1500CEC55F /* Assets */ = {
			isa = PBXGroup;
			children = (
				827C64CB1DFEB5A400038A97 /* Main.storyboard */,
				827C64CE1DFEB5A400038A97 /* Assets.xcassets */,
				827C64D01DFEB5A400038A97 /* LaunchScreen.storyboard */,
			);
			name = Assets;
			sourceTree = "<group>";
		};
/* End PBXGroup section */

/* Begin PBXNativeTarget section */
		827C64C31DFEB5A400038A97 /* OntheMap */ = {
			isa = PBXNativeTarget;
			buildConfigurationList = 827C64EC1DFEB5A400038A97 /* Build configuration list for PBXNativeTarget "OntheMap" */;
			buildPhases = (
				827C64C01DFEB5A400038A97 /* Sources */,
				827C64C11DFEB5A400038A97 /* Frameworks */,
				827C64C21DFEB5A400038A97 /* Resources */,
			);
			buildRules = (
			);
			dependencies = (
			);
			name = OntheMap;
			productName = OntheMap;
			productReference = 827C64C41DFEB5A400038A97 /* OntheMap.app */;
			productType = "com.apple.product-type.application";
		};
		827C64D71DFEB5A400038A97 /* OntheMapTests */ = {
			isa = PBXNativeTarget;
			buildConfigurationList = 827C64EF1DFEB5A400038A97 /* Build configuration list for PBXNativeTarget "OntheMapTests" */;
			buildPhases = (
				827C64D41DFEB5A400038A97 /* Sources */,
				827C64D51DFEB5A400038A97 /* Frameworks */,
				827C64D61DFEB5A400038A97 /* Resources */,
			);
			buildRules = (
			);
			dependencies = (
				827C64DA1DFEB5A400038A97 /* PBXTargetDependency */,
			);
			name = OntheMapTests;
			productName = OntheMapTests;
			productReference = 827C64D81DFEB5A400038A97 /* OntheMapTests.xctest */;
			productType = "com.apple.product-type.bundle.unit-test";
		};
		827C64E21DFEB5A400038A97 /* OntheMapUITests */ = {
			isa = PBXNativeTarget;
			buildConfigurationList = 827C64F21DFEB5A400038A97 /* Build configuration list for PBXNativeTarget "OntheMapUITests" */;
			buildPhases = (
				827C64DF1DFEB5A400038A97 /* Sources */,
				827C64E01DFEB5A400038A97 /* Frameworks */,
				827C64E11DFEB5A400038A97 /* Resources */,
			);
			buildRules = (
			);
			dependencies = (
				827C64E51DFEB5A400038A97 /* PBXTargetDependency */,
			);
			name = OntheMapUITests;
			productName = OntheMapUITests;
			productReference = 827C64E31DFEB5A400038A97 /* OntheMapUITests.xctest */;
			productType = "com.apple.product-type.bundle.ui-testing";
		};
/* End PBXNativeTarget section */

/* Begin PBXProject section */
		827C64BC1DFEB5A400038A97 /* Project object */ = {
			isa = PBXProject;
			attributes = {
				LastSwiftUpdateCheck = 0810;
				LastUpgradeCheck = 0810;
				ORGANIZATIONNAME = Kurapati;
				TargetAttributes = {
					827C64C31DFEB5A400038A97 = {
						CreatedOnToolsVersion = 8.1;
						DevelopmentTeam = TZBNJQ93D6;
						ProvisioningStyle = Automatic;
						SystemCapabilities = {
							com.apple.Maps.iOS = {
								enabled = 1;
							};
						};
					};
					827C64D71DFEB5A400038A97 = {
						CreatedOnToolsVersion = 8.1;
						DevelopmentTeam = TZBNJQ93D6;
						ProvisioningStyle = Automatic;
						TestTargetID = 827C64C31DFEB5A400038A97;
					};
					827C64E21DFEB5A400038A97 = {
						CreatedOnToolsVersion = 8.1;
						DevelopmentTeam = TZBNJQ93D6;
						ProvisioningStyle = Automatic;
						TestTargetID = 827C64C31DFEB5A400038A97;
					};
				};
			};
			buildConfigurationList = 827C64BF1DFEB5A400038A97 /* Build configuration list for PBXProject "OntheMap" */;
			compatibilityVersion = "Xcode 3.2";
			developmentRegion = English;
			hasScannedForEncodings = 0;
			knownRegions = (
				en,
				Base,
			);
			mainGroup = 827C64BB1DFEB5A400038A97;
			productRefGroup = 827C64C51DFEB5A400038A97 /* Products */;
			projectDirPath = "";
			projectRoot = "";
			targets = (
				827C64C31DFEB5A400038A97 /* OntheMap */,
				827C64D71DFEB5A400038A97 /* OntheMapTests */,
				827C64E21DFEB5A400038A97 /* OntheMapUITests */,
			);
		};
/* End PBXProject section */

/* Begin PBXResourcesBuildPhase section */
		827C64C21DFEB5A400038A97 /* Resources */ = {
			isa = PBXResourcesBuildPhase;
			buildActionMask = 2147483647;
			files = (
				827C64D21DFEB5A400038A97 /* LaunchScreen.storyboard in Resources */,
				827C64CF1DFEB5A400038A97 /* Assets.xcassets in Resources */,
				827C64CD1DFEB5A400038A97 /* Main.storyboard in Resources */,
			);
			runOnlyForDeploymentPostprocessing = 0;
		};
		827C64D61DFEB5A400038A97 /* Resources */ = {
			isa = PBXResourcesBuildPhase;
			buildActionMask = 2147483647;
			files = (
			);
			runOnlyForDeploymentPostprocessing = 0;
		};
		827C64E11DFEB5A400038A97 /* Resources */ = {
			isa = PBXResourcesBuildPhase;
			buildActionMask = 2147483647;
			files = (
			);
			runOnlyForDeploymentPostprocessing = 0;
		};
/* End PBXResourcesBuildPhase section */

/* Begin PBXSourcesBuildPhase section */
		827C64C01DFEB5A400038A97 /* Sources */ = {
			isa = PBXSourcesBuildPhase;
			buildActionMask = 2147483647;
			files = (
				82B2111D1E05EC2E00C9189E /* StudentLocationConvenience.swift in Sources */,
				82B211171E05912A00C9189E /* StudentLocation.swift in Sources */,
				82B211191E0595DA00C9189E /* StudentLocationClient.swift in Sources */,
				82D6E83C1E046DA700724CB3 /* GCDBlackBox.swift in Sources */,
				82B211221E089B0400C9189E /* InformationPostingViewController.swift in Sources */,
				82D6E8401E049E4700724CB3 /* StudentListTableViewController.swift in Sources */,
				82F3024F1DFEF6D500CEC55F /* LoginViewController.swift in Sources */,
				82D6E8371E01F01300724CB3 /* UdacityClient.swift in Sources */,
				82D6E8331E016A4400724CB3 /* UdacityConstants.swift in Sources */,
				82B2111B1E0596E600C9189E /* StudentLocationConstants.swift in Sources */,
				827C64C81DFEB5A400038A97 /* AppDelegate.swift in Sources */,
				82D6E83A1E01F71400724CB3 /* BorderedButton.swift in Sources */,
				82D6E83E1E049E2A00724CB3 /* StudentMapViewController.swift in Sources */,
			);
			runOnlyForDeploymentPostprocessing = 0;
		};
		827C64D41DFEB5A400038A97 /* Sources */ = {
			isa = PBXSourcesBuildPhase;
			buildActionMask = 2147483647;
			files = (
				827C64DD1DFEB5A400038A97 /* OntheMapTests.swift in Sources */,
			);
			runOnlyForDeploymentPostprocessing = 0;
		};
		827C64DF1DFEB5A400038A97 /* Sources */ = {
			isa = PBXSourcesBuildPhase;
			buildActionMask = 2147483647;
			files = (
				827C64E81DFEB5A400038A97 /* OntheMapUITests.swift in Sources */,
			);
			runOnlyForDeploymentPostprocessing = 0;
		};
/* End PBXSourcesBuildPhase section */

/* Begin PBXTargetDependency section */
		827C64DA1DFEB5A400038A97 /* PBXTargetDependency */ = {
			isa = PBXTargetDependency;
			target = 827C64C31DFEB5A400038A97 /* OntheMap */;
			targetProxy = 827C64D91DFEB5A400038A97 /* PBXContainerItemProxy */;
		};
		827C64E51DFEB5A400038A97 /* PBXTargetDependency */ = {
			isa = PBXTargetDependency;
			target = 827C64C31DFEB5A400038A97 /* OntheMap */;
			targetProxy = 827C64E41DFEB5A400038A97 /* PBXContainerItemProxy */;
		};
/* End PBXTargetDependency section */

/* Begin PBXVariantGroup section */
		827C64CB1DFEB5A400038A97 /* Main.storyboard */ = {
			isa = PBXVariantGroup;
			children = (
				827C64CC1DFEB5A400038A97 /* Base */,
			);
			name = Main.storyboard;
			sourceTree = "<group>";
		};
		827C64D01DFEB5A400038A97 /* LaunchScreen.storyboard */ = {
			isa = PBXVariantGroup;
			children = (
				827C64D11DFEB5A400038A97 /* Base */,
			);
			name = LaunchScreen.storyboard;
			sourceTree = "<group>";
		};
/* End PBXVariantGroup section */

/* Begin XCBuildConfiguration section */
		827C64EA1DFEB5A400038A97 /* Debug */ = {
			isa = XCBuildConfiguration;
			buildSettings = {
				ALWAYS_SEARCH_USER_PATHS = NO;
				CLANG_ANALYZER_NONNULL = YES;
				CLANG_CXX_LANGUAGE_STANDARD = "gnu++0x";
				CLANG_CXX_LIBRARY = "libc++";
				CLANG_ENABLE_MODULES = YES;
				CLANG_ENABLE_OBJC_ARC = YES;
				CLANG_WARN_BOOL_CONVERSION = YES;
				CLANG_WARN_CONSTANT_CONVERSION = YES;
				CLANG_WARN_DIRECT_OBJC_ISA_USAGE = YES_ERROR;
				CLANG_WARN_DOCUMENTATION_COMMENTS = YES;
				CLANG_WARN_EMPTY_BODY = YES;
				CLANG_WARN_ENUM_CONVERSION = YES;
				CLANG_WARN_INFINITE_RECURSION = YES;
				CLANG_WARN_INT_CONVERSION = YES;
				CLANG_WARN_OBJC_ROOT_CLASS = YES_ERROR;
				CLANG_WARN_SUSPICIOUS_MOVES = YES;
				CLANG_WARN_UNREACHABLE_CODE = YES;
				CLANG_WARN__DUPLICATE_METHOD_MATCH = YES;
				"CODE_SIGN_IDENTITY[sdk=iphoneos*]" = "iPhone Developer";
				COPY_PHASE_STRIP = NO;
				DEBUG_INFORMATION_FORMAT = dwarf;
				ENABLE_STRICT_OBJC_MSGSEND = YES;
				ENABLE_TESTABILITY = YES;
				GCC_C_LANGUAGE_STANDARD = gnu99;
				GCC_DYNAMIC_NO_PIC = NO;
				GCC_NO_COMMON_BLOCKS = YES;
				GCC_OPTIMIZATION_LEVEL = 0;
				GCC_PREPROCESSOR_DEFINITIONS = (
					"DEBUG=1",
					"$(inherited)",
				);
				GCC_WARN_64_TO_32_BIT_CONVERSION = YES;
				GCC_WARN_ABOUT_RETURN_TYPE = YES_ERROR;
				GCC_WARN_UNDECLARED_SELECTOR = YES;
				GCC_WARN_UNINITIALIZED_AUTOS = YES_AGGRESSIVE;
				GCC_WARN_UNUSED_FUNCTION = YES;
				GCC_WARN_UNUSED_VARIABLE = YES;
				IPHONEOS_DEPLOYMENT_TARGET = 10.1;
				MTL_ENABLE_DEBUG_INFO = YES;
				ONLY_ACTIVE_ARCH = YES;
				SDKROOT = iphoneos;
				SWIFT_ACTIVE_COMPILATION_CONDITIONS = DEBUG;
				SWIFT_OPTIMIZATION_LEVEL = "-Onone";
				TARGETED_DEVICE_FAMILY = "1,2";
			};
			name = Debug;
		};
		827C64EB1DFEB5A400038A97 /* Release */ = {
			isa = XCBuildConfiguration;
			buildSettings = {
				ALWAYS_SEARCH_USER_PATHS = NO;
				CLANG_ANALYZER_NONNULL = YES;
				CLANG_CXX_LANGUAGE_STANDARD = "gnu++0x";
				CLANG_CXX_LIBRARY = "libc++";
				CLANG_ENABLE_MODULES = YES;
				CLANG_ENABLE_OBJC_ARC = YES;
				CLANG_WARN_BOOL_CONVERSION = YES;
				CLANG_WARN_CONSTANT_CONVERSION = YES;
				CLANG_WARN_DIRECT_OBJC_ISA_USAGE = YES_ERROR;
				CLANG_WARN_DOCUMENTATION_COMMENTS = YES;
				CLANG_WARN_EMPTY_BODY = YES;
				CLANG_WARN_ENUM_CONVERSION = YES;
				CLANG_WARN_INFINITE_RECURSION = YES;
				CLANG_WARN_INT_CONVERSION = YES;
				CLANG_WARN_OBJC_ROOT_CLASS = YES_ERROR;
				CLANG_WARN_SUSPICIOUS_MOVES = YES;
				CLANG_WARN_UNREACHABLE_CODE = YES;
				CLANG_WARN__DUPLICATE_METHOD_MATCH = YES;
				"CODE_SIGN_IDENTITY[sdk=iphoneos*]" = "iPhone Developer";
				COPY_PHASE_STRIP = NO;
				DEBUG_INFORMATION_FORMAT = "dwarf-with-dsym";
				ENABLE_NS_ASSERTIONS = NO;
				ENABLE_STRICT_OBJC_MSGSEND = YES;
				GCC_C_LANGUAGE_STANDARD = gnu99;
				GCC_NO_COMMON_BLOCKS = YES;
				GCC_WARN_64_TO_32_BIT_CONVERSION = YES;
				GCC_WARN_ABOUT_RETURN_TYPE = YES_ERROR;
				GCC_WARN_UNDECLARED_SELECTOR = YES;
				GCC_WARN_UNINITIALIZED_AUTOS = YES_AGGRESSIVE;
				GCC_WARN_UNUSED_FUNCTION = YES;
				GCC_WARN_UNUSED_VARIABLE = YES;
				IPHONEOS_DEPLOYMENT_TARGET = 10.1;
				MTL_ENABLE_DEBUG_INFO = NO;
				SDKROOT = iphoneos;
				SWIFT_OPTIMIZATION_LEVEL = "-Owholemodule";
				TARGETED_DEVICE_FAMILY = "1,2";
				VALIDATE_PRODUCT = YES;
			};
			name = Release;
		};
		827C64ED1DFEB5A400038A97 /* Debug */ = {
			isa = XCBuildConfiguration;
			buildSettings = {
				ASSETCATALOG_COMPILER_APPICON_NAME = AppIcon;
				"CODE_SIGN_IDENTITY[sdk=iphoneos*]" = "iPhone Developer";
				DEVELOPMENT_TEAM = TZBNJQ93D6;
				INFOPLIST_FILE = OntheMap/Info.plist;
				IPHONEOS_DEPLOYMENT_TARGET = 10.1;
				LD_RUNPATH_SEARCH_PATHS = "$(inherited) @executable_path/Frameworks";
				PRODUCT_BUNDLE_IDENTIFIER = com.nttdata.OntheMap;
				PRODUCT_NAME = "$(TARGET_NAME)";
				SWIFT_VERSION = 3.0;
			};
			name = Debug;
		};
		827C64EE1DFEB5A400038A97 /* Release */ = {
			isa = XCBuildConfiguration;
			buildSettings = {
				ASSETCATALOG_COMPILER_APPICON_NAME = AppIcon;
				"CODE_SIGN_IDENTITY[sdk=iphoneos*]" = "iPhone Developer";
				DEVELOPMENT_TEAM = TZBNJQ93D6;
				INFOPLIST_FILE = OntheMap/Info.plist;
				IPHONEOS_DEPLOYMENT_TARGET = 10.1;
				LD_RUNPATH_SEARCH_PATHS = "$(inherited) @executable_path/Frameworks";
				PRODUCT_BUNDLE_IDENTIFIER = com.nttdata.OntheMap;
				PRODUCT_NAME = "$(TARGET_NAME)";
				SWIFT_VERSION = 3.0;
			};
			name = Release;
		};
		827C64F01DFEB5A400038A97 /* Debug */ = {
			isa = XCBuildConfiguration;
			buildSettings = {
				ALWAYS_EMBED_SWIFT_STANDARD_LIBRARIES = YES;
				BUNDLE_LOADER = "$(TEST_HOST)";
				DEVELOPMENT_TEAM = TZBNJQ93D6;
				INFOPLIST_FILE = OntheMapTests/Info.plist;
				LD_RUNPATH_SEARCH_PATHS = "$(inherited) @executable_path/Frameworks @loader_path/Frameworks";
				PRODUCT_BUNDLE_IDENTIFIER = com.nttdata.OntheMapTests;
				PRODUCT_NAME = "$(TARGET_NAME)";
				SWIFT_VERSION = 3.0;
				TEST_HOST = "$(BUILT_PRODUCTS_DIR)/OntheMap.app/OntheMap";
			};
			name = Debug;
		};
		827C64F11DFEB5A400038A97 /* Release */ = {
			isa = XCBuildConfiguration;
			buildSettings = {
				ALWAYS_EMBED_SWIFT_STANDARD_LIBRARIES = YES;
				BUNDLE_LOADER = "$(TEST_HOST)";
				DEVELOPMENT_TEAM = TZBNJQ93D6;
				INFOPLIST_FILE = OntheMapTests/Info.plist;
				LD_RUNPATH_SEARCH_PATHS = "$(inherited) @executable_path/Frameworks @loader_path/Frameworks";
				PRODUCT_BUNDLE_IDENTIFIER = com.nttdata.OntheMapTests;
				PRODUCT_NAME = "$(TARGET_NAME)";
				SWIFT_VERSION = 3.0;
				TEST_HOST = "$(BUILT_PRODUCTS_DIR)/OntheMap.app/OntheMap";
			};
			name = Release;
		};
		827C64F31DFEB5A400038A97 /* Debug */ = {
			isa = XCBuildConfiguration;
			buildSettings = {
				ALWAYS_EMBED_SWIFT_STANDARD_LIBRARIES = YES;
				DEVELOPMENT_TEAM = TZBNJQ93D6;
				INFOPLIST_FILE = OntheMapUITests/Info.plist;
				LD_RUNPATH_SEARCH_PATHS = "$(inherited) @executable_path/Frameworks @loader_path/Frameworks";
				PRODUCT_BUNDLE_IDENTIFIER = com.nttdata.OntheMapUITests;
				PRODUCT_NAME = "$(TARGET_NAME)";
				SWIFT_VERSION = 3.0;
				TEST_TARGET_NAME = OntheMap;
			};
			name = Debug;
		};
		827C64F41DFEB5A400038A97 /* Release */ = {
			isa = XCBuildConfiguration;
			buildSettings = {
				ALWAYS_EMBED_SWIFT_STANDARD_LIBRARIES = YES;
				DEVELOPMENT_TEAM = TZBNJQ93D6;
				INFOPLIST_FILE = OntheMapUITests/Info.plist;
				LD_RUNPATH_SEARCH_PATHS = "$(inherited) @executable_path/Frameworks @loader_path/Frameworks";
				PRODUCT_BUNDLE_IDENTIFIER = com.nttdata.OntheMapUITests;
				PRODUCT_NAME = "$(TARGET_NAME)";
				SWIFT_VERSION = 3.0;
				TEST_TARGET_NAME = OntheMap;
			};
			name = Release;
		};
/* End XCBuildConfiguration section */

/* Begin XCConfigurationList section */
		827C64BF1DFEB5A400038A97 /* Build configuration list for PBXProject "OntheMap" */ = {
			isa = XCConfigurationList;
			buildConfigurations = (
				827C64EA1DFEB5A400038A97 /* Debug */,
				827C64EB1DFEB5A400038A97 /* Release */,
			);
			defaultConfigurationIsVisible = 0;
			defaultConfigurationName = Release;
		};
		827C64EC1DFEB5A400038A97 /* Build configuration list for PBXNativeTarget "OntheMap" */ = {
			isa = XCConfigurationList;
			buildConfigurations = (
				827C64ED1DFEB5A400038A97 /* Debug */,
				827C64EE1DFEB5A400038A97 /* Release */,
			);
			defaultConfigurationIsVisible = 0;
			defaultConfigurationName = Release;
		};
		827C64EF1DFEB5A400038A97 /* Build configuration list for PBXNativeTarget "OntheMapTests" */ = {
			isa = XCConfigurationList;
			buildConfigurations = (
				827C64F01DFEB5A400038A97 /* Debug */,
				827C64F11DFEB5A400038A97 /* Release */,
			);
			defaultConfigurationIsVisible = 0;
			defaultConfigurationName = Release;
		};
		827C64F21DFEB5A400038A97 /* Build configuration list for PBXNativeTarget "OntheMapUITests" */ = {
			isa = XCConfigurationList;
			buildConfigurations = (
				827C64F31DFEB5A400038A97 /* Debug */,
				827C64F41DFEB5A400038A97 /* Release */,
			);
			defaultConfigurationIsVisible = 0;
			defaultConfigurationName = Release;
		};
/* End XCConfigurationList section */
	};
	rootObject = 827C64BC1DFEB5A400038A97 /* Project object */;
}
